
Microsoft Visual Studio Solution File, Format Version 12.00
# Visual Studio Version 17
VisualStudioVersion = 17.4.33403.182
MinimumVisualStudioVersion = 10.0.40219.1
Project("{9A19103F-16F7-4668-BE54-9A1E7A4F7556}") = "test2.Server", "test2\Server\test2.Server.csproj", "{8659E95B-DF43-46FA-BE88-DDC41E67127A}"
EndProject
Project("{9A19103F-16F7-4668-BE54-9A1E7A4F7556}") = "test2.Client", "test2\Client\test2.Client.csproj", "{68E702D6-A5F2-4AB8-B7A2-78E7E20B374C}"
EndProject
Project("{9A19103F-16F7-4668-BE54-9A1E7A4F7556}") = "test2.Shared", "test2\Shared\test2.Shared.csproj", "{8DBBFCB1-C3E9-47EB-BEDB-7D6436E9CC4F}"
EndProject
Global
	GlobalSection(SolutionConfigurationPlatforms) = preSolution
		Debug|Any CPU = Debug|Any CPU
		Release|Any CPU = Release|Any CPU
	EndGlobalSection
	GlobalSection(ProjectConfigurationPlatforms) = postSolution
		{8659E95B-DF43-46FA-BE88-DDC41E67127A}.Debug|Any CPU.ActiveCfg = Debug|Any CPU
		{8659E95B-DF43-46FA-BE88-DDC41E67127A}.Debug|Any CPU.Build.0 = Debug|Any CPU
		{8659E95B-DF43-46FA-BE88-DDC41E67127A}.Release|Any CPU.ActiveCfg = Release|Any CPU
		{8659E95B-DF43-46FA-BE88-DDC41E67127A}.Release|Any CPU.Build.0 = Release|Any CPU
		{68E702D6-A5F2-4AB8-B7A2-78E7E20B374C}.Debug|Any CPU.ActiveCfg = Debug|Any CPU
		{68E702D6-A5F2-4AB8-B7A2-78E7E20B374C}.Debug|Any CPU.Build.0 = Debug|Any CPU
		{68E702D6-A5F2-4AB8-B7A2-78E7E20B374C}.Release|Any CPU.ActiveCfg = Release|Any CPU
		{68E702D6-A5F2-4AB8-B7A2-78E7E20B374C}.Release|Any CPU.Build.0 = Release|Any CPU
		{8DBBFCB1-C3E9-47EB-BEDB-7D6436E9CC4F}.Debug|Any CPU.ActiveCfg = Debug|Any CPU
		{8DBBFCB1-C3E9-47EB-BEDB-7D6436E9CC4F}.Debug|Any CPU.Build.0 = Debug|Any CPU
		{8DBBFCB1-C3E9-47EB-BEDB-7D6436E9CC4F}.Release|Any CPU.ActiveCfg = Release|Any CPU
		{8DBBFCB1-C3E9-47EB-BEDB-7D6436E9CC4F}.Release|Any CPU.Build.0 = Release|Any CPU
	EndGlobalSection
	GlobalSection(SolutionProperties) = preSolution
		HideSolutionNode = FALSE
	EndGlobalSection
	GlobalSection(ExtensibilityGlobals) = postSolution
		SolutionGuid = {C25350BB-6495-4294-89BD-054798FFA294}
	EndGlobalSection
EndGlobal
